// !$*UTF8*$!
{
	archiveVersion = 1;
	classes = {
	};
	objectVersion = 46;
	objects = {

/* Begin PBXBuildFile section */
		7B120BE31E0907820023FDE2 /* MyTable1.m in Sources */ = {isa = PBXBuildFile; fileRef = 7B120BE21E0907820023FDE2 /* MyTable1.m */; };
		7B120BE71E090B0B0023FDE2 /* myCell1.m in Sources */ = {isa = PBXBuildFile; fileRef = 7B120BE51E090B0B0023FDE2 /* myCell1.m */; };
		7B120BE81E090B0B0023FDE2 /* myCell1.xib in Resources */ = {isa = PBXBuildFile; fileRef = 7B120BE61E090B0B0023FDE2 /* myCell1.xib */; };
		7B120BEB1E090CE10023FDE2 /* myCell2-code.m in Sources */ = {isa = PBXBuildFile; fileRef = 7B120BEA1E090CE10023FDE2 /* myCell2-code.m */; };
		7B4CF6F81E02B51E00517AA0 /* xibViewController.m in Sources */ = {isa = PBXBuildFile; fileRef = 7B4CF6F71E02B51E00517AA0 /* xibViewController.m */; };
		7B4CF6FC1E02B7B900517AA0 /* xibViewController2.m in Sources */ = {isa = PBXBuildFile; fileRef = 7B4CF6FA1E02B7B900517AA0 /* xibViewController2.m */; };
		7B4CF6FD1E02B7B900517AA0 /* xibViewController2.xib in Resources */ = {isa = PBXBuildFile; fileRef = 7B4CF6FB1E02B7B900517AA0 /* xibViewController2.xib */; };
		7B8A6A711E2490A800F9DB9B /* icon_radbag@2x.png in Resources */ = {isa = PBXBuildFile; fileRef = 7B8A6A701E2490A800F9DB9B /* icon_radbag@2x.png */; };
		7B8A6A731E24FFCC00F9DB9B /* Assets.xcassets in Resources */ = {isa = PBXBuildFile; fileRef = 7B8A6A721E24FFCC00F9DB9B /* Assets.xcassets */; };
		7B8A6A751E25008A00F9DB9B /* AnimVC2.xib in Resources */ = {isa = PBXBuildFile; fileRef = 7B8A6A741E25008A00F9DB9B /* AnimVC2.xib */; };
		7B8A6A791E25039800F9DB9B /* redpackerViewController.m in Sources */ = {isa = PBXBuildFile; fileRef = 7B8A6A771E25039800F9DB9B /* redpackerViewController.m */; };
		7B8A6A7A1E25039800F9DB9B /* redpackerViewController.xib in Resources */ = {isa = PBXBuildFile; fileRef = 7B8A6A781E25039800F9DB9B /* redpackerViewController.xib */; };
		7B9BAA691E0A2C040001788F /* SegmentVC1.m in Sources */ = {isa = PBXBuildFile; fileRef = 7B9BAA681E0A2C040001788F /* SegmentVC1.m */; };
		7B9BAA6C1E0A2C4A0001788F /* SegmentVC.m in Sources */ = {isa = PBXBuildFile; fileRef = 7B9BAA6B1E0A2C4A0001788F /* SegmentVC.m */; };
		7BBBB0751E00E32E00E983FB /* main.m in Sources */ = {isa = PBXBuildFile; fileRef = 7BBBB0741E00E32E00E983FB /* main.m */; };
		7BBBB0781E00E32E00E983FB /* AppDelegate.m in Sources */ = {isa = PBXBuildFile; fileRef = 7BBBB0771E00E32E00E983FB /* AppDelegate.m */; };
		7BBBB07B1E00E32E00E983FB /* ViewController.m in Sources */ = {isa = PBXBuildFile; fileRef = 7BBBB07A1E00E32E00E983FB /* ViewController.m */; };
		7BBBB07E1E00E32E00E983FB /* Main.storyboard in Resources */ = {isa = PBXBuildFile; fileRef = 7BBBB07C1E00E32E00E983FB /* Main.storyboard */; };
		7BBBB0831E00E32E00E983FB /* LaunchScreen.storyboard in Resources */ = {isa = PBXBuildFile; fileRef = 7BBBB0811E00E32E00E983FB /* LaunchScreen.storyboard */; };
		A003509F645248CCB5E9016B /* xibViewController.xib in Resources */ = {isa = PBXBuildFile; fileRef = A00359D931CEFB686A192536 /* xibViewController.xib */; };
		A00350CE76DF63C103FCBA2A /* LGUITableViewCell.m in Sources */ = {isa = PBXBuildFile; fileRef = A00350D554410ACD60600868 /* LGUITableViewCell.m */; };
		A00351758BB9E11FCF10E0A2 /* AnimVC.m in Sources */ = {isa = PBXBuildFile; fileRef = A0035811BFB3223B908F24B9 /* AnimVC.m */; };
		A003564E3DD1822941E264DC /* 2view.xib in Resources */ = {isa = PBXBuildFile; fileRef = A0035102DCD4CA1B1ECD5292 /* 2view.xib */; };
/* End PBXBuildFile section */

/* Begin PBXFileReference section */
		7B120BE11E0907820023FDE2 /* MyTable1.h */ = {isa = PBXFileReference; fileEncoding = 4; lastKnownFileType = sourcecode.c.h; name = MyTable1.h; path = Table/MyTable1.h; sourceTree = "<group>"; };
		7B120BE21E0907820023FDE2 /* MyTable1.m */ = {isa = PBXFileReference; fileEncoding = 4; lastKnownFileType = sourcecode.c.objc; name = MyTable1.m; path = Table/MyTable1.m; sourceTree = "<group>"; };
		7B120BE41E090B0B0023FDE2 /* myCell1.h */ = {isa = PBXFileReference; fileEncoding = 4; lastKnownFileType = sourcecode.c.h; path = myCell1.h; sourceTree = "<group>"; };
		7B120BE51E090B0B0023FDE2 /* myCell1.m */ = {isa = PBXFileReference; fileEncoding = 4; lastKnownFileType = sourcecode.c.objc; path = myCell1.m; sourceTree = "<group>"; };
		7B120BE61E090B0B0023FDE2 /* myCell1.xib */ = {isa = PBXFileReference; fileEncoding = 4; lastKnownFileType = file.xib; path = myCell1.xib; sourceTree = "<group>"; };
		7B120BE91E090CE10023FDE2 /* myCell2-code.h */ = {isa = PBXFileReference; fileEncoding = 4; lastKnownFileType = sourcecode.c.h; path = "myCell2-code.h"; sourceTree = "<group>"; };
		7B120BEA1E090CE10023FDE2 /* myCell2-code.m */ = {isa = PBXFileReference; fileEncoding = 4; lastKnownFileType = sourcecode.c.objc; path = "myCell2-code.m"; sourceTree = "<group>"; };
		7B4CF6F61E02B51E00517AA0 /* xibViewController.h */ = {isa = PBXFileReference; fileEncoding = 4; lastKnownFileType = sourcecode.c.h; path = xibViewController.h; sourceTree = "<group>"; };
		7B4CF6F71E02B51E00517AA0 /* xibViewController.m */ = {isa = PBXFileReference; fileEncoding = 4; lastKnownFileType = sourcecode.c.objc; path = xibViewController.m; sourceTree = "<group>"; };
		7B4CF6F91E02B7B900517AA0 /* xibViewController2.h */ = {isa = PBXFileReference; fileEncoding = 4; lastKnownFileType = sourcecode.c.h; path = xibViewController2.h; sourceTree = "<group>"; };
		7B4CF6FA1E02B7B900517AA0 /* xibViewController2.m */ = {isa = PBXFileReference; fileEncoding = 4; lastKnownFileType = sourcecode.c.objc; path = xibViewController2.m; sourceTree = "<group>"; };
		7B4CF6FB1E02B7B900517AA0 /* xibViewController2.xib */ = {isa = PBXFileReference; fileEncoding = 4; lastKnownFileType = file.xib; path = xibViewController2.xib; sourceTree = "<group>"; };
		7B8A6A701E2490A800F9DB9B /* icon_radbag@2x.png */ = {isa = PBXFileReference; lastKnownFileType = image.png; path = "icon_radbag@2x.png"; sourceTree = "<group>"; };
		7B8A6A721E24FFCC00F9DB9B /* Assets.xcassets */ = {isa = PBXFileReference; lastKnownFileType = folder.assetcatalog; path = Assets.xcassets; sourceTree = "<group>"; };
		7B8A6A741E25008A00F9DB9B /* AnimVC2.xib */ = {isa = PBXFileReference; fileEncoding = 4; lastKnownFileType = file.xib; path = AnimVC2.xib; sourceTree = "<group>"; };
		7B8A6A761E25039800F9DB9B /* redpackerViewController.h */ = {isa = PBXFileReference; fileEncoding = 4; lastKnownFileType = sourcecode.c.h; path = redpackerViewController.h; sourceTree = "<group>"; };
		7B8A6A771E25039800F9DB9B /* redpackerViewController.m */ = {isa = PBXFileReference; fileEncoding = 4; lastKnownFileType = sourcecode.c.objc; path = redpackerViewController.m; sourceTree = "<group>"; };
		7B8A6A781E25039800F9DB9B /* redpackerViewController.xib */ = {isa = PBXFileReference; fileEncoding = 4; lastKnownFileType = file.xib; path = redpackerViewController.xib; sourceTree = "<group>"; };
		7B9BAA671E0A2C040001788F /* SegmentVC1.h */ = {isa = PBXFileReference; fileEncoding = 4; lastKnownFileType = sourcecode.c.h; path = SegmentVC1.h; sourceTree = "<group>"; };
		7B9BAA681E0A2C040001788F /* SegmentVC1.m */ = {isa = PBXFileReference; fileEncoding = 4; lastKnownFileType = sourcecode.c.objc; path = SegmentVC1.m; sourceTree = "<group>"; };
		7B9BAA6A1E0A2C4A0001788F /* SegmentVC.h */ = {isa = PBXFileReference; fileEncoding = 4; lastKnownFileType = sourcecode.c.h; path = SegmentVC.h; sourceTree = "<group>"; };
		7B9BAA6B1E0A2C4A0001788F /* SegmentVC.m */ = {isa = PBXFileReference; fileEncoding = 4; lastKnownFileType = sourcecode.c.objc; path = SegmentVC.m; sourceTree = "<group>"; };
		7BBBB0701E00E32E00E983FB /* LearnNavigate.app */ = {isa = PBXFileReference; explicitFileType = wrapper.application; includeInIndex = 0; path = LearnNavigate.app; sourceTree = BUILT_PRODUCTS_DIR; };
		7BBBB0741E00E32E00E983FB /* main.m */ = {isa = PBXFileReference; lastKnownFileType = sourcecode.c.objc; path = main.m; sourceTree = "<group>"; };
		7BBBB0761E00E32E00E983FB /* AppDelegate.h */ = {isa = PBXFileReference; lastKnownFileType = sourcecode.c.h; path = AppDelegate.h; sourceTree = "<group>"; };
		7BBBB0771E00E32E00E983FB /* AppDelegate.m */ = {isa = PBXFileReference; lastKnownFileType = sourcecode.c.objc; path = AppDelegate.m; sourceTree = "<group>"; };
		7BBBB0791E00E32E00E983FB /* ViewController.h */ = {isa = PBXFileReference; lastKnownFileType = sourcecode.c.h; path = ViewController.h; sourceTree = "<group>"; };
		7BBBB07A1E00E32E00E983FB /* ViewController.m */ = {isa = PBXFileReference; lastKnownFileType = sourcecode.c.objc; path = ViewController.m; sourceTree = "<group>"; };
		7BBBB07D1E00E32E00E983FB /* Base */ = {isa = PBXFileReference; lastKnownFileType = file.storyboard; name = Base; path = Base.lproj/Main.storyboard; sourceTree = "<group>"; };
		7BBBB0821E00E32E00E983FB /* Base */ = {isa = PBXFileReference; lastKnownFileType = file.storyboard; name = Base; path = Base.lproj/LaunchScreen.storyboard; sourceTree = "<group>"; };
		7BBBB0841E00E32E00E983FB /* Info.plist */ = {isa = PBXFileReference; lastKnownFileType = text.plist.xml; path = Info.plist; sourceTree = "<group>"; };
		A00350D554410ACD60600868 /* LGUITableViewCell.m */ = {isa = PBXFileReference; fileEncoding = 4; lastKnownFileType = sourcecode.c.objc; path = LGUITableViewCell.m; sourceTree = "<group>"; };
		A0035102DCD4CA1B1ECD5292 /* 2view.xib */ = {isa = PBXFileReference; lastKnownFileType = file.xib; path = 2view.xib; sourceTree = "<group>"; };
		A00352F977BE4A3976ED8BE2 /* AnimVC.h */ = {isa = PBXFileReference; fileEncoding = 4; lastKnownFileType = sourcecode.c.h; path = AnimVC.h; sourceTree = "<group>"; };
		A0035811BFB3223B908F24B9 /* AnimVC.m */ = {isa = PBXFileReference; fileEncoding = 4; lastKnownFileType = sourcecode.c.objc; path = AnimVC.m; sourceTree = "<group>"; };
		A00359512B5F8B5A977DF0C2 /* LGUITableViewCell.h */ = {isa = PBXFileReference; fileEncoding = 4; lastKnownFileType = sourcecode.c.h; path = LGUITableViewCell.h; sourceTree = "<group>"; };
		A00359D931CEFB686A192536 /* xibViewController.xib */ = {isa = PBXFileReference; lastKnownFileType = file.xib; path = xibViewController.xib; sourceTree = "<group>"; };
/* End PBXFileReference section */

/* Begin PBXFrameworksBuildPhase section */
		7BBBB06D1E00E32E00E983FB /* Frameworks */ = {
			isa = PBXFrameworksBuildPhase;
			buildActionMask = 2147483647;
			files = (
			);
			runOnlyForDeploymentPostprocessing = 0;
		};
/* End PBXFrameworksBuildPhase section */

/* Begin PBXGroup section */
		7B120BDF1E0907570023FDE2 /* Table */ = {
			isa = PBXGroup;
			children = (
				7B120BE11E0907820023FDE2 /* MyTable1.h */,
				7B120BE21E0907820023FDE2 /* MyTable1.m */,
				A00351EF2C827DC9AB86D972 /* View */,
			);
			name = Table;
			sourceTree = "<group>";
		};
		7B9BAA661E0A2BEF0001788F /* SegmentedControl */ = {
			isa = PBXGroup;
			children = (
				7B9BAA671E0A2C040001788F /* SegmentVC1.h */,
				7B9BAA681E0A2C040001788F /* SegmentVC1.m */,
				7B9BAA6A1E0A2C4A0001788F /* SegmentVC.h */,
				7B9BAA6B1E0A2C4A0001788F /* SegmentVC.m */,
			);
			path = SegmentedControl;
			sourceTree = "<group>";
		};
		7BBBB0671E00E32E00E983FB = {
			isa = PBXGroup;
			children = (
				7B8A6A721E24FFCC00F9DB9B /* Assets.xcassets */,
				7BBBB0721E00E32E00E983FB /* LearnNavigate */,
				7BBBB0711E00E32E00E983FB /* Products */,
			);
			sourceTree = "<group>";
		};
		7BBBB0711E00E32E00E983FB /* Products */ = {
			isa = PBXGroup;
			children = (
				7BBBB0701E00E32E00E983FB /* LearnNavigate.app */,
			);
			name = Products;
			sourceTree = "<group>";
		};
		7BBBB0721E00E32E00E983FB /* LearnNavigate */ = {
			isa = PBXGroup;
			children = (
				7BBBB0761E00E32E00E983FB /* AppDelegate.h */,
				7BBBB0771E00E32E00E983FB /* AppDelegate.m */,
				7BBBB0791E00E32E00E983FB /* ViewController.h */,
				7BBBB07A1E00E32E00E983FB /* ViewController.m */,
				7BBBB07C1E00E32E00E983FB /* Main.storyboard */,
				7B8A6A701E2490A800F9DB9B /* icon_radbag@2x.png */,
				7BBBB0811E00E32E00E983FB /* LaunchScreen.storyboard */,
				7BBBB0841E00E32E00E983FB /* Info.plist */,
				7BBBB0731E00E32E00E983FB /* Supporting Files */,
				A0035DEEECEF34ED050F8745 /* Module */,
				A00351F8FDED95E671CA3357 /* UIKIt */,
			);
			path = LearnNavigate;
			sourceTree = "<group>";
		};
		7BBBB0731E00E32E00E983FB /* Supporting Files */ = {
			isa = PBXGroup;
			children = (
				7BBBB0741E00E32E00E983FB /* main.m */,
			);
			name = "Supporting Files";
			sourceTree = "<group>";
		};
		A00350AD618DC3D87953B20F /* xib */ = {
			isa = PBXGroup;
			children = (
				A00359D931CEFB686A192536 /* xibViewController.xib */,
				A0035102DCD4CA1B1ECD5292 /* 2view.xib */,
				7B4CF6F61E02B51E00517AA0 /* xibViewController.h */,
				7B4CF6F71E02B51E00517AA0 /* xibViewController.m */,
				7B4CF6F91E02B7B900517AA0 /* xibViewController2.h */,
				7B4CF6FA1E02B7B900517AA0 /* xibViewController2.m */,
				7B4CF6FB1E02B7B900517AA0 /* xibViewController2.xib */,
			);
			path = xib;
			sourceTree = "<group>";
		};
		A00350D7278780FAC391505E /* uitextview */ = {
			isa = PBXGroup;
			children = (
			);
			path = uitextview;
			sourceTree = "<group>";
		};
		A00351EF2C827DC9AB86D972 /* View */ = {
			isa = PBXGroup;
			children = (
				7B120BE41E090B0B0023FDE2 /* myCell1.h */,
				7B120BE51E090B0B0023FDE2 /* myCell1.m */,
				7B120BE61E090B0B0023FDE2 /* myCell1.xib */,
				7B120BE91E090CE10023FDE2 /* myCell2-code.h */,
				7B120BEA1E090CE10023FDE2 /* myCell2-code.m */,
			);
			name = View;
			path = Table/View;
			sourceTree = "<group>";
		};
		A00351F8FDED95E671CA3357 /* UIKIt */ = {
			isa = PBXGroup;
			children = (
				7B9BAA661E0A2BEF0001788F /* SegmentedControl */,
				7B120BDF1E0907570023FDE2 /* Table */,
				A00350D554410ACD60600868 /* LGUITableViewCell.m */,
				A00359512B5F8B5A977DF0C2 /* LGUITableViewCell.h */,
				A0035CA2AD56C887FABEC313 /* SegmentedControl */,
				A00359FD894286A80FBFCFD8 /* Animation */,
			);
			path = UIKIt;
			sourceTree = "<group>";
		};
		A00354AAD8B96588EAF2A167 /* masonry */ = {
			isa = PBXGroup;
			children = (
			);
			path = masonry;
			sourceTree = "<group>";
		};
		A00359FD894286A80FBFCFD8 /* Animation */ = {
			isa = PBXGroup;
			children = (
				A0035811BFB3223B908F24B9 /* AnimVC.m */,
				7B8A6A761E25039800F9DB9B /* redpackerViewController.h */,
				7B8A6A771E25039800F9DB9B /* redpackerViewController.m */,
				7B8A6A781E25039800F9DB9B /* redpackerViewController.xib */,
				7B8A6A741E25008A00F9DB9B /* AnimVC2.xib */,
				A00352F977BE4A3976ED8BE2 /* AnimVC.h */,
			);
			path = Animation;
			sourceTree = "<group>";
		};
		A0035CA2AD56C887FABEC313 /* SegmentedControl */ = {
			isa = PBXGroup;
			children = (
			);
			path = SegmentedControl;
			sourceTree = "<group>";
		};
		A0035DEEECEF34ED050F8745 /* Module */ = {
			isa = PBXGroup;
			children = (
				A00350AD618DC3D87953B20F /* xib */,
				A00354AAD8B96588EAF2A167 /* masonry */,
				A00350D7278780FAC391505E /* uitextview */,
			);
			path = Module;
			sourceTree = "<group>";
		};
/* End PBXGroup section */

/* Begin PBXNativeTarget section */
		7BBBB06F1E00E32E00E983FB /* LearnNavigate */ = {
			isa = PBXNativeTarget;
			buildConfigurationList = 7BBBB0871E00E32E00E983FB /* Build configuration list for PBXNativeTarget "LearnNavigate" */;
			buildPhases = (
				7BBBB06C1E00E32E00E983FB /* Sources */,
				7BBBB06D1E00E32E00E983FB /* Frameworks */,
				7BBBB06E1E00E32E00E983FB /* Resources */,
			);
			buildRules = (
			);
			dependencies = (
			);
			name = LearnNavigate;
			productName = LearnNavigate;
			productReference = 7BBBB0701E00E32E00E983FB /* LearnNavigate.app */;
			productType = "com.apple.product-type.application";
		};
/* End PBXNativeTarget section */

/* Begin PBXProject section */
		7BBBB0681E00E32E00E983FB /* Project object */ = {
			isa = PBXProject;
			attributes = {
				LastUpgradeCheck = 0810;
				ORGANIZATIONNAME = wanhongbin;
				TargetAttributes = {
					7BBBB06F1E00E32E00E983FB = {
						CreatedOnToolsVersion = 8.1;
						ProvisioningStyle = Automatic;
					};
				};
			};
			buildConfigurationList = 7BBBB06B1E00E32E00E983FB /* Build configuration list for PBXProject "LearnNavigate" */;
			compatibilityVersion = "Xcode 3.2";
			developmentRegion = English;
			hasScannedForEncodings = 0;
			knownRegions = (
				en,
				Base,
			);
			mainGroup = 7BBBB0671E00E32E00E983FB;
			productRefGroup = 7BBBB0711E00E32E00E983FB /* Products */;
			projectDirPath = "";
			projectRoot = "";
			targets = (
				7BBBB06F1E00E32E00E983FB /* LearnNavigate */,
			);
		};
/* End PBXProject section */

/* Begin PBXResourcesBuildPhase section */
		7BBBB06E1E00E32E00E983FB /* Resources */ = {
			isa = PBXResourcesBuildPhase;
			buildActionMask = 2147483647;
			files = (
				7B8A6A711E2490A800F9DB9B /* icon_radbag@2x.png in Resources */,
				7BBBB0831E00E32E00E983FB /* LaunchScreen.storyboard in Resources */,
				7B8A6A7A1E25039800F9DB9B /* redpackerViewController.xib in Resources */,
				7BBBB07E1E00E32E00E983FB /* Main.storyboard in Resources */,
				7B8A6A751E25008A00F9DB9B /* AnimVC2.xib in Resources */,
				A003509F645248CCB5E9016B /* xibViewController.xib in Resources */,
				7B120BE81E090B0B0023FDE2 /* myCell1.xib in Resources */,
				A003564E3DD1822941E264DC /* 2view.xib in Resources */,
				7B8A6A731E24FFCC00F9DB9B /* Assets.xcassets in Resources */,
				7B4CF6FD1E02B7B900517AA0 /* xibViewController2.xib in Resources */,
			);
			runOnlyForDeploymentPostprocessing = 0;
		};
/* End PBXResourcesBuildPhase section */

/* Begin PBXSourcesBuildPhase section */
		7BBBB06C1E00E32E00E983FB /* Sources */ = {
			isa = PBXSourcesBuildPhase;
			buildActionMask = 2147483647;
			files = (
				7B4CF6F81E02B51E00517AA0 /* xibViewController.m in Sources */,
				7BBBB07B1E00E32E00E983FB /* ViewController.m in Sources */,
				7BBBB0781E00E32E00E983FB /* AppDelegate.m in Sources */,
				7B120BE71E090B0B0023FDE2 /* myCell1.m in Sources */,
				7B120BEB1E090CE10023FDE2 /* myCell2-code.m in Sources */,
				7B8A6A791E25039800F9DB9B /* redpackerViewController.m in Sources */,
				7B4CF6FC1E02B7B900517AA0 /* xibViewController2.m in Sources */,
				7BBBB0751E00E32E00E983FB /* main.m in Sources */,
				7B120BE31E0907820023FDE2 /* MyTable1.m in Sources */,
				7B9BAA691E0A2C040001788F /* SegmentVC1.m in Sources */,
				7B9BAA6C1E0A2C4A0001788F /* SegmentVC.m in Sources */,
				A00350CE76DF63C103FCBA2A /* LGUITableViewCell.m in Sources */,
				A00351758BB9E11FCF10E0A2 /* AnimVC.m in Sources */,
			);
			runOnlyForDeploymentPostprocessing = 0;
		};
/* End PBXSourcesBuildPhase section */

/* Begin PBXVariantGroup section */
		7BBBB07C1E00E32E00E983FB /* Main.storyboard */ = {
			isa = PBXVariantGroup;
			children = (
				7BBBB07D1E00E32E00E983FB /* Base */,
			);
			name = Main.storyboard;
			sourceTree = "<group>";
		};
		7BBBB0811E00E32E00E983FB /* LaunchScreen.storyboard */ = {
			isa = PBXVariantGroup;
			children = (
				7BBBB0821E00E32E00E983FB /* Base */,
			);
			name = LaunchScreen.storyboard;
			sourceTree = "<group>";
		};
/* End PBXVariantGroup section */

/* Begin XCBuildConfiguration section */
		7BBBB0851E00E32E00E983FB /* Debug */ = {
			isa = XCBuildConfiguration;
			buildSettings = {
				ALWAYS_SEARCH_USER_PATHS = NO;
				CLANG_ANALYZER_NONNULL = YES;
				CLANG_CXX_LANGUAGE_STANDARD = "gnu++0x";
				CLANG_CXX_LIBRARY = "libc++";
				CLANG_ENABLE_MODULES = YES;
				CLANG_ENABLE_OBJC_ARC = YES;
				CLANG_WARN_BOOL_CONVERSION = YES;
				CLANG_WARN_CONSTANT_CONVERSION = YES;
				CLANG_WARN_DIRECT_OBJC_ISA_USAGE = YES_ERROR;
				CLANG_WARN_DOCUMENTATION_COMMENTS = YES;
				CLANG_WARN_EMPTY_BODY = YES;
				CLANG_WARN_ENUM_CONVERSION = YES;
				CLANG_WARN_INFINITE_RECURSION = YES;
				CLANG_WARN_INT_CONVERSION = YES;
				CLANG_WARN_OBJC_ROOT_CLASS = YES_ERROR;
				CLANG_WARN_SUSPICIOUS_MOVES = YES;
				CLANG_WARN_UNREACHABLE_CODE = YES;
				CLANG_WARN__DUPLICATE_METHOD_MATCH = YES;
				"CODE_SIGN_IDENTITY[sdk=iphoneos*]" = "iPhone Developer";
				COPY_PHASE_STRIP = NO;
				DEBUG_INFORMATION_FORMAT = dwarf;
				ENABLE_STRICT_OBJC_MSGSEND = YES;
				ENABLE_TESTABILITY = YES;
				GCC_C_LANGUAGE_STANDARD = gnu99;
				GCC_DYNAMIC_NO_PIC = NO;
				GCC_NO_COMMON_BLOCKS = YES;
				GCC_OPTIMIZATION_LEVEL = 0;
				GCC_PREPROCESSOR_DEFINITIONS = (
					"DEBUG=1",
					"$(inherited)",
				);
				GCC_WARN_64_TO_32_BIT_CONVERSION = YES;
				GCC_WARN_ABOUT_RETURN_TYPE = YES_ERROR;
				GCC_WARN_UNDECLARED_SELECTOR = YES;
				GCC_WARN_UNINITIALIZED_AUTOS = YES_AGGRESSIVE;
				GCC_WARN_UNUSED_FUNCTION = YES;
				GCC_WARN_UNUSED_VARIABLE = YES;
				IPHONEOS_DEPLOYMENT_TARGET = 10.1;
				MTL_ENABLE_DEBUG_INFO = YES;
				ONLY_ACTIVE_ARCH = YES;
				SDKROOT = iphoneos;
			};
			name = Debug;
		};
		7BBBB0861E00E32E00E983FB /* Release */ = {
			isa = XCBuildConfiguration;
			buildSettings = {
				ALWAYS_SEARCH_USER_PATHS = NO;
				CLANG_ANALYZER_NONNULL = YES;
				CLANG_CXX_LANGUAGE_STANDARD = "gnu++0x";
				CLANG_CXX_LIBRARY = "libc++";
				CLANG_ENABLE_MODULES = YES;
				CLANG_ENABLE_OBJC_ARC = YES;
				CLANG_WARN_BOOL_CONVERSION = YES;
				CLANG_WARN_CONSTANT_CONVERSION = YES;
				CLANG_WARN_DIRECT_OBJC_ISA_USAGE = YES_ERROR;
				CLANG_WARN_DOCUMENTATION_COMMENTS = YES;
				CLANG_WARN_EMPTY_BODY = YES;
				CLANG_WARN_ENUM_CONVERSION = YES;
				CLANG_WARN_INFINITE_RECURSION = YES;
				CLANG_WARN_INT_CONVERSION = YES;
				CLANG_WARN_OBJC_ROOT_CLASS = YES_ERROR;
				CLANG_WARN_SUSPICIOUS_MOVES = YES;
				CLANG_WARN_UNREACHABLE_CODE = YES;
				CLANG_WARN__DUPLICATE_METHOD_MATCH = YES;
				"CODE_SIGN_IDENTITY[sdk=iphoneos*]" = "iPhone Developer";
				COPY_PHASE_STRIP = NO;
				DEBUG_INFORMATION_FORMAT = "dwarf-with-dsym";
				ENABLE_NS_ASSERTIONS = NO;
				ENABLE_STRICT_OBJC_MSGSEND = YES;
				GCC_C_LANGUAGE_STANDARD = gnu99;
				GCC_NO_COMMON_BLOCKS = YES;
				GCC_WARN_64_TO_32_BIT_CONVERSION = YES;
				GCC_WARN_ABOUT_RETURN_TYPE = YES_ERROR;
				GCC_WARN_UNDECLARED_SELECTOR = YES;
				GCC_WARN_UNINITIALIZED_AUTOS = YES_AGGRESSIVE;
				GCC_WARN_UNUSED_FUNCTION = YES;
				GCC_WARN_UNUSED_VARIABLE = YES;
				IPHONEOS_DEPLOYMENT_TARGET = 10.1;
				MTL_ENABLE_DEBUG_INFO = NO;
				SDKROOT = iphoneos;
				VALIDATE_PRODUCT = YES;
			};
			name = Release;
		};
		7BBBB0881E00E32E00E983FB /* Debug */ = {
			isa = XCBuildConfiguration;
			buildSettings = {
				ASSETCATALOG_COMPILER_APPICON_NAME = AppIcon;
				INFOPLIST_FILE = LearnNavigate/Info.plist;
				LD_RUNPATH_SEARCH_PATHS = "$(inherited) @executable_path/Frameworks";
				PRODUCT_BUNDLE_IDENTIFIER = com.mansory.LearnNavigate;
				PRODUCT_NAME = "$(TARGET_NAME)";
			};
			name = Debug;
		};
		7BBBB0891E00E32E00E983FB /* Release */ = {
			isa = XCBuildConfiguration;
			buildSettings = {
				ASSETCATALOG_COMPILER_APPICON_NAME = AppIcon;
				INFOPLIST_FILE = LearnNavigate/Info.plist;
				LD_RUNPATH_SEARCH_PATHS = "$(inherited) @executable_path/Frameworks";
				PRODUCT_BUNDLE_IDENTIFIER = com.mansory.LearnNavigate;
				PRODUCT_NAME = "$(TARGET_NAME)";
			};
			name = Release;
		};
/* End XCBuildConfiguration section */

/* Begin XCConfigurationList section */
		7BBBB06B1E00E32E00E983FB /* Build configuration list for PBXProject "LearnNavigate" */ = {
			isa = XCConfigurationList;
			buildConfigurations = (
				7BBBB0851E00E32E00E983FB /* Debug */,
				7BBBB0861E00E32E00E983FB /* Release */,
			);
			defaultConfigurationIsVisible = 0;
			defaultConfigurationName = Release;
		};
		7BBBB0871E00E32E00E983FB /* Build configuration list for PBXNativeTarget "LearnNavigate" */ = {
			isa = XCConfigurationList;
			buildConfigurations = (
				7BBBB0881E00E32E00E983FB /* Debug */,
				7BBBB0891E00E32E00E983FB /* Release */,
			);
			defaultConfigurationIsVisible = 0;
			defaultConfigurationName = Release;
		};
/* End XCConfigurationList section */
	};
	rootObject = 7BBBB0681E00E32E00E983FB /* Project object */;
}
