// !$*UTF8*$!
{
	archiveVersion = 1;
	classes = {
	};
	objectVersion = 46;
	objects = {

/* Begin PBXBuildFile section */
		7B4CF6F81E02B51E00517AA0 /* xibViewController.m in Sources */ = {isa = PBXBuildFile; fileRef = 7B4CF6F71E02B51E00517AA0 /* xibViewController.m */; };
		7B4CF6FC1E02B7B900517AA0 /* xibViewController2.m in Sources */ = {isa = PBXBuildFile; fileRef = 7B4CF6FA1E02B7B900517AA0 /* xibViewController2.m */; };
		7B4CF6FD1E02B7B900517AA0 /* xibViewController2.xib in Resources */ = {isa = PBXBuildFile; fileRef = 7B4CF6FB1E02B7B900517AA0 /* xibViewController2.xib */; };
		7BBBB0751E00E32E00E983FB /* main.m in Sources */ = {isa = PBXBuildFile; fileRef = 7BBBB0741E00E32E00E983FB /* main.m */; };
		7BBBB0781E00E32E00E983FB /* AppDelegate.m in Sources */ = {isa = PBXBuildFile; fileRef = 7BBBB0771E00E32E00E983FB /* AppDelegate.m */; };
		7BBBB07B1E00E32E00E983FB /* ViewController.m in Sources */ = {isa = PBXBuildFile; fileRef = 7BBBB07A1E00E32E00E983FB /* ViewController.m */; };
		7BBBB07E1E00E32E00E983FB /* Main.storyboard in Resources */ = {isa = PBXBuildFile; fileRef = 7BBBB07C1E00E32E00E983FB /* Main.storyboard */; };
		7BBBB0801E00E32E00E983FB /* Assets.xcassets in Resources */ = {isa = PBXBuildFile; fileRef = 7BBBB07F1E00E32E00E983FB /* Assets.xcassets */; };
		7BBBB0831E00E32E00E983FB /* LaunchScreen.storyboard in Resources */ = {isa = PBXBuildFile; fileRef = 7BBBB0811E00E32E00E983FB /* LaunchScreen.storyboard */; };
		7BBDEC161E077C4F00CED264 /* BaseModel.m in Sources */ = {isa = PBXBuildFile; fileRef = 7BBDEBED1E077C4F00CED264 /* BaseModel.m */; };
		7BBDEC171E077C4F00CED264 /* LGObject.m in Sources */ = {isa = PBXBuildFile; fileRef = 7BBDEBEF1E077C4F00CED264 /* LGObject.m */; };
		7BBDEC181E077C4F00CED264 /* LGCollectionView.m in Sources */ = {isa = PBXBuildFile; fileRef = 7BBDEBF21E077C4F00CED264 /* LGCollectionView.m */; };
		7BBDEC191E077C4F00CED264 /* LGCollectionViewCell.m in Sources */ = {isa = PBXBuildFile; fileRef = 7BBDEBF41E077C4F00CED264 /* LGCollectionViewCell.m */; };
		7BBDEC1A1E077C4F00CED264 /* LGRowTableViewCell.m in Sources */ = {isa = PBXBuildFile; fileRef = 7BBDEBF61E077C4F00CED264 /* LGRowTableViewCell.m */; };
		7BBDEC1B1E077C4F00CED264 /* LGTableView.m in Sources */ = {isa = PBXBuildFile; fileRef = 7BBDEBF81E077C4F00CED264 /* LGTableView.m */; };
		7BBDEC1C1E077C4F00CED264 /* LGTableViewCell.m in Sources */ = {isa = PBXBuildFile; fileRef = 7BBDEBFA1E077C4F00CED264 /* LGTableViewCell.m */; };
		7BBDEC1D1E077C4F00CED264 /* LGCollectionViewController.m in Sources */ = {isa = PBXBuildFile; fileRef = 7BBDEBFD1E077C4F00CED264 /* LGCollectionViewController.m */; };
		7BBDEC1E1E077C4F00CED264 /* LGMultiScrollViewViewController.m in Sources */ = {isa = PBXBuildFile; fileRef = 7BBDEBFF1E077C4F00CED264 /* LGMultiScrollViewViewController.m */; };
		7BBDEC1F1E077C4F00CED264 /* LGRowTableViewController.m in Sources */ = {isa = PBXBuildFile; fileRef = 7BBDEC011E077C4F00CED264 /* LGRowTableViewController.m */; };
		7BBDEC201E077C4F00CED264 /* LGScrollViewViewController.m in Sources */ = {isa = PBXBuildFile; fileRef = 7BBDEC041E077C4F00CED264 /* LGScrollViewViewController.m */; };
		7BBDEC211E077C4F00CED264 /* LGTableViewController.m in Sources */ = {isa = PBXBuildFile; fileRef = 7BBDEC061E077C4F00CED264 /* LGTableViewController.m */; };
		7BBDEC221E077C4F00CED264 /* LGViewController.m in Sources */ = {isa = PBXBuildFile; fileRef = 7BBDEC081E077C4F00CED264 /* LGViewController.m */; };
		7BBDEC231E077C4F00CED264 /* LGCollectionViewViewModel.m in Sources */ = {isa = PBXBuildFile; fileRef = 7BBDEC0B1E077C4F00CED264 /* LGCollectionViewViewModel.m */; };
		7BBDEC241E077C4F00CED264 /* LGMultiTableViewModel.m in Sources */ = {isa = PBXBuildFile; fileRef = 7BBDEC0D1E077C4F00CED264 /* LGMultiTableViewModel.m */; };
		7BBDEC251E077C4F00CED264 /* LGScollViewViewModel.m in Sources */ = {isa = PBXBuildFile; fileRef = 7BBDEC0F1E077C4F00CED264 /* LGScollViewViewModel.m */; };
		7BBDEC261E077C4F00CED264 /* LGTableViewViewModel.m in Sources */ = {isa = PBXBuildFile; fileRef = 7BBDEC111E077C4F00CED264 /* LGTableViewViewModel.m */; };
		7BBDEC271E077C4F00CED264 /* LGViewModel.m in Sources */ = {isa = PBXBuildFile; fileRef = 7BBDEC131E077C4F00CED264 /* LGViewModel.m */; };
		7BBDEC281E077C4F00CED264 /* UIScrollView+ViewModel.m in Sources */ = {isa = PBXBuildFile; fileRef = 7BBDEC151E077C4F00CED264 /* UIScrollView+ViewModel.m */; };
		7BBDEC311E077C9A00CED264 /* LGConstant.m in Sources */ = {isa = PBXBuildFile; fileRef = 7BBDEC2C1E077C9A00CED264 /* LGConstant.m */; };
		7BBDEC321E077C9A00CED264 /* LGMacro.m in Sources */ = {isa = PBXBuildFile; fileRef = 7BBDEC301E077C9A00CED264 /* LGMacro.m */; };
		A003509F645248CCB5E9016B /* xibViewController.xib in Resources */ = {isa = PBXBuildFile; fileRef = A00359D931CEFB686A192536 /* xibViewController.xib */; };
		A00350D88C1567AB011DBD89 /* LGRowTableViewCell.m in Sources */ = {isa = PBXBuildFile; fileRef = A00353E7753F3562EBC528E9 /* LGRowTableViewCell.m */; };
		A0035499DD9703F695B8685D /* LGCollectionViewCell.m in Sources */ = {isa = PBXBuildFile; fileRef = A0035388734473D3A025071A /* LGCollectionViewCell.m */; };
		A003550A77A9479F2E87A761 /* LGCollectionView.m in Sources */ = {isa = PBXBuildFile; fileRef = A00350864A7E44D74AC9CA06 /* LGCollectionView.m */; };
		A003564E3DD1822941E264DC /* 2view.xib in Resources */ = {isa = PBXBuildFile; fileRef = A0035102DCD4CA1B1ECD5292 /* 2view.xib */; };
		A0035CF5D2F25A7F3960E282 /* LGTableView.m in Sources */ = {isa = PBXBuildFile; fileRef = A0035F27554BAA7936905312 /* LGTableView.m */; };
		A0035E5C5E8E73E1D2E54BB7 /* LGTableViewCell.m in Sources */ = {isa = PBXBuildFile; fileRef = A00354477F8223E0296CD8DB /* LGTableViewCell.m */; };
/* End PBXBuildFile section */

/* Begin PBXFileReference section */
		7B4CF6F61E02B51E00517AA0 /* xibViewController.h */ = {isa = PBXFileReference; fileEncoding = 4; lastKnownFileType = sourcecode.c.h; path = xibViewController.h; sourceTree = "<group>"; };
		7B4CF6F71E02B51E00517AA0 /* xibViewController.m */ = {isa = PBXFileReference; fileEncoding = 4; lastKnownFileType = sourcecode.c.objc; path = xibViewController.m; sourceTree = "<group>"; };
		7B4CF6F91E02B7B900517AA0 /* xibViewController2.h */ = {isa = PBXFileReference; fileEncoding = 4; lastKnownFileType = sourcecode.c.h; path = xibViewController2.h; sourceTree = "<group>"; };
		7B4CF6FA1E02B7B900517AA0 /* xibViewController2.m */ = {isa = PBXFileReference; fileEncoding = 4; lastKnownFileType = sourcecode.c.objc; path = xibViewController2.m; sourceTree = "<group>"; };
		7B4CF6FB1E02B7B900517AA0 /* xibViewController2.xib */ = {isa = PBXFileReference; fileEncoding = 4; lastKnownFileType = file.xib; path = xibViewController2.xib; sourceTree = "<group>"; };
		7BBBB0701E00E32E00E983FB /* LearnNavigate.app */ = {isa = PBXFileReference; explicitFileType = wrapper.application; includeInIndex = 0; path = LearnNavigate.app; sourceTree = BUILT_PRODUCTS_DIR; };
		7BBBB0741E00E32E00E983FB /* main.m */ = {isa = PBXFileReference; lastKnownFileType = sourcecode.c.objc; path = main.m; sourceTree = "<group>"; };
		7BBBB0761E00E32E00E983FB /* AppDelegate.h */ = {isa = PBXFileReference; lastKnownFileType = sourcecode.c.h; path = AppDelegate.h; sourceTree = "<group>"; };
		7BBBB0771E00E32E00E983FB /* AppDelegate.m */ = {isa = PBXFileReference; lastKnownFileType = sourcecode.c.objc; path = AppDelegate.m; sourceTree = "<group>"; };
		7BBBB0791E00E32E00E983FB /* ViewController.h */ = {isa = PBXFileReference; lastKnownFileType = sourcecode.c.h; path = ViewController.h; sourceTree = "<group>"; };
		7BBBB07A1E00E32E00E983FB /* ViewController.m */ = {isa = PBXFileReference; lastKnownFileType = sourcecode.c.objc; path = ViewController.m; sourceTree = "<group>"; };
		7BBBB07D1E00E32E00E983FB /* Base */ = {isa = PBXFileReference; lastKnownFileType = file.storyboard; name = Base; path = Base.lproj/Main.storyboard; sourceTree = "<group>"; };
		7BBBB07F1E00E32E00E983FB /* Assets.xcassets */ = {isa = PBXFileReference; lastKnownFileType = folder.assetcatalog; path = Assets.xcassets; sourceTree = "<group>"; };
		7BBBB0821E00E32E00E983FB /* Base */ = {isa = PBXFileReference; lastKnownFileType = file.storyboard; name = Base; path = Base.lproj/LaunchScreen.storyboard; sourceTree = "<group>"; };
		7BBBB0841E00E32E00E983FB /* Info.plist */ = {isa = PBXFileReference; lastKnownFileType = text.plist.xml; path = Info.plist; sourceTree = "<group>"; };
		7BBDEBEC1E077C4F00CED264 /* BaseModel.h */ = {isa = PBXFileReference; fileEncoding = 4; lastKnownFileType = sourcecode.c.h; path = BaseModel.h; sourceTree = "<group>"; };
		7BBDEBED1E077C4F00CED264 /* BaseModel.m */ = {isa = PBXFileReference; fileEncoding = 4; lastKnownFileType = sourcecode.c.objc; path = BaseModel.m; sourceTree = "<group>"; };
		7BBDEBEE1E077C4F00CED264 /* LGObject.h */ = {isa = PBXFileReference; fileEncoding = 4; lastKnownFileType = sourcecode.c.h; path = LGObject.h; sourceTree = "<group>"; };
		7BBDEBEF1E077C4F00CED264 /* LGObject.m */ = {isa = PBXFileReference; fileEncoding = 4; lastKnownFileType = sourcecode.c.objc; path = LGObject.m; sourceTree = "<group>"; };
		7BBDEBF11E077C4F00CED264 /* LGCollectionView.h */ = {isa = PBXFileReference; fileEncoding = 4; lastKnownFileType = sourcecode.c.h; path = LGCollectionView.h; sourceTree = "<group>"; };
		7BBDEBF21E077C4F00CED264 /* LGCollectionView.m */ = {isa = PBXFileReference; fileEncoding = 4; lastKnownFileType = sourcecode.c.objc; path = LGCollectionView.m; sourceTree = "<group>"; };
		7BBDEBF31E077C4F00CED264 /* LGCollectionViewCell.h */ = {isa = PBXFileReference; fileEncoding = 4; lastKnownFileType = sourcecode.c.h; path = LGCollectionViewCell.h; sourceTree = "<group>"; };
		7BBDEBF41E077C4F00CED264 /* LGCollectionViewCell.m */ = {isa = PBXFileReference; fileEncoding = 4; lastKnownFileType = sourcecode.c.objc; path = LGCollectionViewCell.m; sourceTree = "<group>"; };
		7BBDEBF51E077C4F00CED264 /* LGRowTableViewCell.h */ = {isa = PBXFileReference; fileEncoding = 4; lastKnownFileType = sourcecode.c.h; path = LGRowTableViewCell.h; sourceTree = "<group>"; };
		7BBDEBF61E077C4F00CED264 /* LGRowTableViewCell.m */ = {isa = PBXFileReference; fileEncoding = 4; lastKnownFileType = sourcecode.c.objc; path = LGRowTableViewCell.m; sourceTree = "<group>"; };
		7BBDEBF71E077C4F00CED264 /* LGTableView.h */ = {isa = PBXFileReference; fileEncoding = 4; lastKnownFileType = sourcecode.c.h; path = LGTableView.h; sourceTree = "<group>"; };
		7BBDEBF81E077C4F00CED264 /* LGTableView.m */ = {isa = PBXFileReference; fileEncoding = 4; lastKnownFileType = sourcecode.c.objc; path = LGTableView.m; sourceTree = "<group>"; };
		7BBDEBF91E077C4F00CED264 /* LGTableViewCell.h */ = {isa = PBXFileReference; fileEncoding = 4; lastKnownFileType = sourcecode.c.h; path = LGTableViewCell.h; sourceTree = "<group>"; };
		7BBDEBFA1E077C4F00CED264 /* LGTableViewCell.m */ = {isa = PBXFileReference; fileEncoding = 4; lastKnownFileType = sourcecode.c.objc; path = LGTableViewCell.m; sourceTree = "<group>"; };
		7BBDEBFC1E077C4F00CED264 /* LGCollectionViewController.h */ = {isa = PBXFileReference; fileEncoding = 4; lastKnownFileType = sourcecode.c.h; path = LGCollectionViewController.h; sourceTree = "<group>"; };
		7BBDEBFD1E077C4F00CED264 /* LGCollectionViewController.m */ = {isa = PBXFileReference; fileEncoding = 4; lastKnownFileType = sourcecode.c.objc; path = LGCollectionViewController.m; sourceTree = "<group>"; };
		7BBDEBFE1E077C4F00CED264 /* LGMultiScrollViewViewController.h */ = {isa = PBXFileReference; fileEncoding = 4; lastKnownFileType = sourcecode.c.h; path = LGMultiScrollViewViewController.h; sourceTree = "<group>"; };
		7BBDEBFF1E077C4F00CED264 /* LGMultiScrollViewViewController.m */ = {isa = PBXFileReference; fileEncoding = 4; lastKnownFileType = sourcecode.c.objc; path = LGMultiScrollViewViewController.m; sourceTree = "<group>"; };
		7BBDEC001E077C4F00CED264 /* LGRowTableViewController.h */ = {isa = PBXFileReference; fileEncoding = 4; lastKnownFileType = sourcecode.c.h; path = LGRowTableViewController.h; sourceTree = "<group>"; };
		7BBDEC011E077C4F00CED264 /* LGRowTableViewController.m */ = {isa = PBXFileReference; fileEncoding = 4; lastKnownFileType = sourcecode.c.objc; path = LGRowTableViewController.m; sourceTree = "<group>"; };
		7BBDEC021E077C4F00CED264 /* LGScrollViewModelProtocol.h */ = {isa = PBXFileReference; fileEncoding = 4; lastKnownFileType = sourcecode.c.h; path = LGScrollViewModelProtocol.h; sourceTree = "<group>"; };
		7BBDEC031E077C4F00CED264 /* LGScrollViewViewController.h */ = {isa = PBXFileReference; fileEncoding = 4; lastKnownFileType = sourcecode.c.h; path = LGScrollViewViewController.h; sourceTree = "<group>"; };
		7BBDEC041E077C4F00CED264 /* LGScrollViewViewController.m */ = {isa = PBXFileReference; fileEncoding = 4; lastKnownFileType = sourcecode.c.objc; path = LGScrollViewViewController.m; sourceTree = "<group>"; };
		7BBDEC051E077C4F00CED264 /* LGTableViewController.h */ = {isa = PBXFileReference; fileEncoding = 4; lastKnownFileType = sourcecode.c.h; path = LGTableViewController.h; sourceTree = "<group>"; };
		7BBDEC061E077C4F00CED264 /* LGTableViewController.m */ = {isa = PBXFileReference; fileEncoding = 4; lastKnownFileType = sourcecode.c.objc; path = LGTableViewController.m; sourceTree = "<group>"; };
		7BBDEC071E077C4F00CED264 /* LGViewController.h */ = {isa = PBXFileReference; fileEncoding = 4; lastKnownFileType = sourcecode.c.h; path = LGViewController.h; sourceTree = "<group>"; };
		7BBDEC081E077C4F00CED264 /* LGViewController.m */ = {isa = PBXFileReference; fileEncoding = 4; lastKnownFileType = sourcecode.c.objc; path = LGViewController.m; sourceTree = "<group>"; };
		7BBDEC0A1E077C4F00CED264 /* LGCollectionViewViewModel.h */ = {isa = PBXFileReference; fileEncoding = 4; lastKnownFileType = sourcecode.c.h; path = LGCollectionViewViewModel.h; sourceTree = "<group>"; };
		7BBDEC0B1E077C4F00CED264 /* LGCollectionViewViewModel.m */ = {isa = PBXFileReference; fileEncoding = 4; lastKnownFileType = sourcecode.c.objc; path = LGCollectionViewViewModel.m; sourceTree = "<group>"; };
		7BBDEC0C1E077C4F00CED264 /* LGMultiTableViewModel.h */ = {isa = PBXFileReference; fileEncoding = 4; lastKnownFileType = sourcecode.c.h; path = LGMultiTableViewModel.h; sourceTree = "<group>"; };
		7BBDEC0D1E077C4F00CED264 /* LGMultiTableViewModel.m */ = {isa = PBXFileReference; fileEncoding = 4; lastKnownFileType = sourcecode.c.objc; path = LGMultiTableViewModel.m; sourceTree = "<group>"; };
		7BBDEC0E1E077C4F00CED264 /* LGScollViewViewModel.h */ = {isa = PBXFileReference; fileEncoding = 4; lastKnownFileType = sourcecode.c.h; path = LGScollViewViewModel.h; sourceTree = "<group>"; };
		7BBDEC0F1E077C4F00CED264 /* LGScollViewViewModel.m */ = {isa = PBXFileReference; fileEncoding = 4; lastKnownFileType = sourcecode.c.objc; path = LGScollViewViewModel.m; sourceTree = "<group>"; };
		7BBDEC101E077C4F00CED264 /* LGTableViewViewModel.h */ = {isa = PBXFileReference; fileEncoding = 4; lastKnownFileType = sourcecode.c.h; path = LGTableViewViewModel.h; sourceTree = "<group>"; };
		7BBDEC111E077C4F00CED264 /* LGTableViewViewModel.m */ = {isa = PBXFileReference; fileEncoding = 4; lastKnownFileType = sourcecode.c.objc; path = LGTableViewViewModel.m; sourceTree = "<group>"; };
		7BBDEC121E077C4F00CED264 /* LGViewModel.h */ = {isa = PBXFileReference; fileEncoding = 4; lastKnownFileType = sourcecode.c.h; path = LGViewModel.h; sourceTree = "<group>"; };
		7BBDEC131E077C4F00CED264 /* LGViewModel.m */ = {isa = PBXFileReference; fileEncoding = 4; lastKnownFileType = sourcecode.c.objc; path = LGViewModel.m; sourceTree = "<group>"; };
		7BBDEC141E077C4F00CED264 /* UIScrollView+ViewModel.h */ = {isa = PBXFileReference; fileEncoding = 4; lastKnownFileType = sourcecode.c.h; path = "UIScrollView+ViewModel.h"; sourceTree = "<group>"; };
		7BBDEC151E077C4F00CED264 /* UIScrollView+ViewModel.m */ = {isa = PBXFileReference; fileEncoding = 4; lastKnownFileType = sourcecode.c.objc; path = "UIScrollView+ViewModel.m"; sourceTree = "<group>"; };
		7BBDEC2A1E077C9A00CED264 /* LGConfig.h */ = {isa = PBXFileReference; fileEncoding = 4; lastKnownFileType = sourcecode.c.h; path = LGConfig.h; sourceTree = "<group>"; };
		7BBDEC2B1E077C9A00CED264 /* LGConstant.h */ = {isa = PBXFileReference; fileEncoding = 4; lastKnownFileType = sourcecode.c.h; path = LGConstant.h; sourceTree = "<group>"; };
		7BBDEC2C1E077C9A00CED264 /* LGConstant.m */ = {isa = PBXFileReference; fileEncoding = 4; lastKnownFileType = sourcecode.c.objc; path = LGConstant.m; sourceTree = "<group>"; };
		7BBDEC2D1E077C9A00CED264 /* LGEnumeration.h */ = {isa = PBXFileReference; fileEncoding = 4; lastKnownFileType = sourcecode.c.h; path = LGEnumeration.h; sourceTree = "<group>"; };
		7BBDEC2E1E077C9A00CED264 /* LGGlobalFunc.h */ = {isa = PBXFileReference; fileEncoding = 4; lastKnownFileType = sourcecode.c.h; path = LGGlobalFunc.h; sourceTree = "<group>"; };
		7BBDEC2F1E077C9A00CED264 /* LGMacro.h */ = {isa = PBXFileReference; fileEncoding = 4; lastKnownFileType = sourcecode.c.h; path = LGMacro.h; sourceTree = "<group>"; };
		7BBDEC301E077C9A00CED264 /* LGMacro.m */ = {isa = PBXFileReference; fileEncoding = 4; lastKnownFileType = sourcecode.c.objc; path = LGMacro.m; sourceTree = "<group>"; };
		A00350864A7E44D74AC9CA06 /* LGCollectionView.m */ = {isa = PBXFileReference; fileEncoding = 4; lastKnownFileType = sourcecode.c.objc; path = LGCollectionView.m; sourceTree = "<group>"; };
		A0035102DCD4CA1B1ECD5292 /* 2view.xib */ = {isa = PBXFileReference; lastKnownFileType = file.xib; path = 2view.xib; sourceTree = "<group>"; };
		A0035140693F2D33C92F0004 /* LGCollectionViewCell.h */ = {isa = PBXFileReference; fileEncoding = 4; lastKnownFileType = sourcecode.c.h; path = LGCollectionViewCell.h; sourceTree = "<group>"; };
		A0035388734473D3A025071A /* LGCollectionViewCell.m */ = {isa = PBXFileReference; fileEncoding = 4; lastKnownFileType = sourcecode.c.objc; path = LGCollectionViewCell.m; sourceTree = "<group>"; };
		A00353E7753F3562EBC528E9 /* LGRowTableViewCell.m */ = {isa = PBXFileReference; fileEncoding = 4; lastKnownFileType = sourcecode.c.objc; path = LGRowTableViewCell.m; sourceTree = "<group>"; };
		A00354477F8223E0296CD8DB /* LGTableViewCell.m */ = {isa = PBXFileReference; fileEncoding = 4; lastKnownFileType = sourcecode.c.objc; path = LGTableViewCell.m; sourceTree = "<group>"; };
		A0035577069BA3F06902509E /* LGTableViewCell.h */ = {isa = PBXFileReference; fileEncoding = 4; lastKnownFileType = sourcecode.c.h; path = LGTableViewCell.h; sourceTree = "<group>"; };
		A00359813E1968B11792616C /* LGRowTableViewCell.h */ = {isa = PBXFileReference; fileEncoding = 4; lastKnownFileType = sourcecode.c.h; path = LGRowTableViewCell.h; sourceTree = "<group>"; };
		A00359D931CEFB686A192536 /* xibViewController.xib */ = {isa = PBXFileReference; lastKnownFileType = file.xib; path = xibViewController.xib; sourceTree = "<group>"; };
		A0035A898706F58C46363B19 /* LGCollectionView.h */ = {isa = PBXFileReference; fileEncoding = 4; lastKnownFileType = sourcecode.c.h; path = LGCollectionView.h; sourceTree = "<group>"; };
		A0035B5769D3D3C99C47B254 /* LGTableView.h */ = {isa = PBXFileReference; fileEncoding = 4; lastKnownFileType = sourcecode.c.h; path = LGTableView.h; sourceTree = "<group>"; };
		A0035F27554BAA7936905312 /* LGTableView.m */ = {isa = PBXFileReference; fileEncoding = 4; lastKnownFileType = sourcecode.c.objc; path = LGTableView.m; sourceTree = "<group>"; };
/* End PBXFileReference section */

/* Begin PBXFrameworksBuildPhase section */
		7BBBB06D1E00E32E00E983FB /* Frameworks */ = {
			isa = PBXFrameworksBuildPhase;
			buildActionMask = 2147483647;
			files = (
			);
			runOnlyForDeploymentPostprocessing = 0;
		};
/* End PBXFrameworksBuildPhase section */

/* Begin PBXGroup section */
		7BBBB0671E00E32E00E983FB = {
			isa = PBXGroup;
			children = (
				7BBDEC291E077C9A00CED264 /* Config */,
				7BBDEBEA1E077C4F00CED264 /* Super */,
				7BBBB0721E00E32E00E983FB /* LearnNavigate */,
				7BBBB0711E00E32E00E983FB /* Products */,
			);
			sourceTree = "<group>";
		};
		7BBBB0711E00E32E00E983FB /* Products */ = {
			isa = PBXGroup;
			children = (
				7BBBB0701E00E32E00E983FB /* LearnNavigate.app */,
			);
			name = Products;
			sourceTree = "<group>";
		};
		7BBBB0721E00E32E00E983FB /* LearnNavigate */ = {
			isa = PBXGroup;
			children = (
				7BBBB0761E00E32E00E983FB /* AppDelegate.h */,
				7BBBB0771E00E32E00E983FB /* AppDelegate.m */,
				7BBBB0791E00E32E00E983FB /* ViewController.h */,
				7BBBB07A1E00E32E00E983FB /* ViewController.m */,
				7BBBB07C1E00E32E00E983FB /* Main.storyboard */,
				7BBBB07F1E00E32E00E983FB /* Assets.xcassets */,
				7BBBB0811E00E32E00E983FB /* LaunchScreen.storyboard */,
				7BBBB0841E00E32E00E983FB /* Info.plist */,
				7BBBB0731E00E32E00E983FB /* Supporting Files */,
				A0035DEEECEF34ED050F8745 /* Module */,
				A003529B3FD129322A99D7F4 /* View */,
			);
			path = LearnNavigate;
			sourceTree = "<group>";
		};
		7BBBB0731E00E32E00E983FB /* Supporting Files */ = {
			isa = PBXGroup;
			children = (
				7BBBB0741E00E32E00E983FB /* main.m */,
			);
			name = "Supporting Files";
			sourceTree = "<group>";
		};
		7BBDEBEA1E077C4F00CED264 /* Super */ = {
			isa = PBXGroup;
			children = (
				7BBDEBEB1E077C4F00CED264 /* Model */,
				7BBDEBF01E077C4F00CED264 /* View */,
				7BBDEBFB1E077C4F00CED264 /* ViewController */,
				7BBDEC091E077C4F00CED264 /* ViewModel */,
			);
			name = Super;
			path = LearnNavigate/Super;
			sourceTree = "<group>";
		};
		7BBDEBEB1E077C4F00CED264 /* Model */ = {
			isa = PBXGroup;
			children = (
				7BBDEBEC1E077C4F00CED264 /* BaseModel.h */,
				7BBDEBED1E077C4F00CED264 /* BaseModel.m */,
				7BBDEBEE1E077C4F00CED264 /* LGObject.h */,
				7BBDEBEF1E077C4F00CED264 /* LGObject.m */,
			);
			path = Model;
			sourceTree = "<group>";
		};
		7BBDEBF01E077C4F00CED264 /* View */ = {
			isa = PBXGroup;
			children = (
				7BBDEBF11E077C4F00CED264 /* LGCollectionView.h */,
				7BBDEBF21E077C4F00CED264 /* LGCollectionView.m */,
				7BBDEBF31E077C4F00CED264 /* LGCollectionViewCell.h */,
				7BBDEBF41E077C4F00CED264 /* LGCollectionViewCell.m */,
				7BBDEBF51E077C4F00CED264 /* LGRowTableViewCell.h */,
				7BBDEBF61E077C4F00CED264 /* LGRowTableViewCell.m */,
				7BBDEBF71E077C4F00CED264 /* LGTableView.h */,
				7BBDEBF81E077C4F00CED264 /* LGTableView.m */,
				7BBDEBF91E077C4F00CED264 /* LGTableViewCell.h */,
				7BBDEBFA1E077C4F00CED264 /* LGTableViewCell.m */,
			);
			path = View;
			sourceTree = "<group>";
		};
		7BBDEBFB1E077C4F00CED264 /* ViewController */ = {
			isa = PBXGroup;
			children = (
				7BBDEBFC1E077C4F00CED264 /* LGCollectionViewController.h */,
				7BBDEBFD1E077C4F00CED264 /* LGCollectionViewController.m */,
				7BBDEBFE1E077C4F00CED264 /* LGMultiScrollViewViewController.h */,
				7BBDEBFF1E077C4F00CED264 /* LGMultiScrollViewViewController.m */,
				7BBDEC001E077C4F00CED264 /* LGRowTableViewController.h */,
				7BBDEC011E077C4F00CED264 /* LGRowTableViewController.m */,
				7BBDEC021E077C4F00CED264 /* LGScrollViewModelProtocol.h */,
				7BBDEC031E077C4F00CED264 /* LGScrollViewViewController.h */,
				7BBDEC041E077C4F00CED264 /* LGScrollViewViewController.m */,
				7BBDEC051E077C4F00CED264 /* LGTableViewController.h */,
				7BBDEC061E077C4F00CED264 /* LGTableViewController.m */,
				7BBDEC071E077C4F00CED264 /* LGViewController.h */,
				7BBDEC081E077C4F00CED264 /* LGViewController.m */,
			);
			path = ViewController;
			sourceTree = "<group>";
		};
		7BBDEC091E077C4F00CED264 /* ViewModel */ = {
			isa = PBXGroup;
			children = (
				7BBDEC0A1E077C4F00CED264 /* LGCollectionViewViewModel.h */,
				7BBDEC0B1E077C4F00CED264 /* LGCollectionViewViewModel.m */,
				7BBDEC0C1E077C4F00CED264 /* LGMultiTableViewModel.h */,
				7BBDEC0D1E077C4F00CED264 /* LGMultiTableViewModel.m */,
				7BBDEC0E1E077C4F00CED264 /* LGScollViewViewModel.h */,
				7BBDEC0F1E077C4F00CED264 /* LGScollViewViewModel.m */,
				7BBDEC101E077C4F00CED264 /* LGTableViewViewModel.h */,
				7BBDEC111E077C4F00CED264 /* LGTableViewViewModel.m */,
				7BBDEC121E077C4F00CED264 /* LGViewModel.h */,
				7BBDEC131E077C4F00CED264 /* LGViewModel.m */,
				7BBDEC141E077C4F00CED264 /* UIScrollView+ViewModel.h */,
				7BBDEC151E077C4F00CED264 /* UIScrollView+ViewModel.m */,
			);
			path = ViewModel;
			sourceTree = "<group>";
		};
		7BBDEC291E077C9A00CED264 /* Config */ = {
			isa = PBXGroup;
			children = (
				7BBDEC2A1E077C9A00CED264 /* LGConfig.h */,
				7BBDEC2B1E077C9A00CED264 /* LGConstant.h */,
				7BBDEC2C1E077C9A00CED264 /* LGConstant.m */,
				7BBDEC2D1E077C9A00CED264 /* LGEnumeration.h */,
				7BBDEC2E1E077C9A00CED264 /* LGGlobalFunc.h */,
				7BBDEC2F1E077C9A00CED264 /* LGMacro.h */,
				7BBDEC301E077C9A00CED264 /* LGMacro.m */,
			);
			path = Config;
			sourceTree = "<group>";
		};
		A00350AD618DC3D87953B20F /* xib */ = {
			isa = PBXGroup;
			children = (
				A00359D931CEFB686A192536 /* xibViewController.xib */,
				A0035102DCD4CA1B1ECD5292 /* 2view.xib */,
				7B4CF6F61E02B51E00517AA0 /* xibViewController.h */,
				7B4CF6F71E02B51E00517AA0 /* xibViewController.m */,
				7B4CF6F91E02B7B900517AA0 /* xibViewController2.h */,
				7B4CF6FA1E02B7B900517AA0 /* xibViewController2.m */,
				7B4CF6FB1E02B7B900517AA0 /* xibViewController2.xib */,
			);
			path = xib;
			sourceTree = "<group>";
		};
		A00350D7278780FAC391505E /* uitextview */ = {
			isa = PBXGroup;
			children = (
			);
			path = uitextview;
			sourceTree = "<group>";
		};
		A003529B3FD129322A99D7F4 /* View */ = {
			isa = PBXGroup;
			children = (
				A0035B5769D3D3C99C47B254 /* LGTableView.h */,
				A0035F27554BAA7936905312 /* LGTableView.m */,
				A0035577069BA3F06902509E /* LGTableViewCell.h */,
				A00354477F8223E0296CD8DB /* LGTableViewCell.m */,
				A0035A898706F58C46363B19 /* LGCollectionView.h */,
				A00350864A7E44D74AC9CA06 /* LGCollectionView.m */,
				A00359813E1968B11792616C /* LGRowTableViewCell.h */,
				A00353E7753F3562EBC528E9 /* LGRowTableViewCell.m */,
				A0035140693F2D33C92F0004 /* LGCollectionViewCell.h */,
				A0035388734473D3A025071A /* LGCollectionViewCell.m */,
			);
			name = View;
			path = Super/View;
			sourceTree = "<group>";
		};
		A00354AAD8B96588EAF2A167 /* masonry */ = {
			isa = PBXGroup;
			children = (
			);
			path = masonry;
			sourceTree = "<group>";
		};
		A0035DEEECEF34ED050F8745 /* Module */ = {
			isa = PBXGroup;
			children = (
				A00350AD618DC3D87953B20F /* xib */,
				A00354AAD8B96588EAF2A167 /* masonry */,
				A00350D7278780FAC391505E /* uitextview */,
			);
			path = Module;
			sourceTree = "<group>";
		};
/* End PBXGroup section */

/* Begin PBXNativeTarget section */
		7BBBB06F1E00E32E00E983FB /* LearnNavigate */ = {
			isa = PBXNativeTarget;
			buildConfigurationList = 7BBBB0871E00E32E00E983FB /* Build configuration list for PBXNativeTarget "LearnNavigate" */;
			buildPhases = (
				7BBBB06C1E00E32E00E983FB /* Sources */,
				7BBBB06D1E00E32E00E983FB /* Frameworks */,
				7BBBB06E1E00E32E00E983FB /* Resources */,
			);
			buildRules = (
			);
			dependencies = (
			);
			name = LearnNavigate;
			productName = LearnNavigate;
			productReference = 7BBBB0701E00E32E00E983FB /* LearnNavigate.app */;
			productType = "com.apple.product-type.application";
		};
/* End PBXNativeTarget section */

/* Begin PBXProject section */
		7BBBB0681E00E32E00E983FB /* Project object */ = {
			isa = PBXProject;
			attributes = {
				LastUpgradeCheck = 0810;
				ORGANIZATIONNAME = wanhongbin;
				TargetAttributes = {
					7BBBB06F1E00E32E00E983FB = {
						CreatedOnToolsVersion = 8.1;
						ProvisioningStyle = Automatic;
					};
				};
			};
			buildConfigurationList = 7BBBB06B1E00E32E00E983FB /* Build configuration list for PBXProject "LearnNavigate" */;
			compatibilityVersion = "Xcode 3.2";
			developmentRegion = English;
			hasScannedForEncodings = 0;
			knownRegions = (
				en,
				Base,
			);
			mainGroup = 7BBBB0671E00E32E00E983FB;
			productRefGroup = 7BBBB0711E00E32E00E983FB /* Products */;
			projectDirPath = "";
			projectRoot = "";
			targets = (
				7BBBB06F1E00E32E00E983FB /* LearnNavigate */,
			);
		};
/* End PBXProject section */

/* Begin PBXResourcesBuildPhase section */
		7BBBB06E1E00E32E00E983FB /* Resources */ = {
			isa = PBXResourcesBuildPhase;
			buildActionMask = 2147483647;
			files = (
				7BBBB0831E00E32E00E983FB /* LaunchScreen.storyboard in Resources */,
				7BBBB0801E00E32E00E983FB /* Assets.xcassets in Resources */,
				7BBBB07E1E00E32E00E983FB /* Main.storyboard in Resources */,
				A003509F645248CCB5E9016B /* xibViewController.xib in Resources */,
				A003564E3DD1822941E264DC /* 2view.xib in Resources */,
				7B4CF6FD1E02B7B900517AA0 /* xibViewController2.xib in Resources */,
			);
			runOnlyForDeploymentPostprocessing = 0;
		};
/* End PBXResourcesBuildPhase section */

/* Begin PBXSourcesBuildPhase section */
		7BBBB06C1E00E32E00E983FB /* Sources */ = {
			isa = PBXSourcesBuildPhase;
			buildActionMask = 2147483647;
			files = (
				7BBDEC1E1E077C4F00CED264 /* LGMultiScrollViewViewController.m in Sources */,
				7B4CF6F81E02B51E00517AA0 /* xibViewController.m in Sources */,
				7BBDEC241E077C4F00CED264 /* LGMultiTableViewModel.m in Sources */,
				7BBDEC261E077C4F00CED264 /* LGTableViewViewModel.m in Sources */,
				7BBDEC311E077C9A00CED264 /* LGConstant.m in Sources */,
				7BBBB07B1E00E32E00E983FB /* ViewController.m in Sources */,
				7BBBB0781E00E32E00E983FB /* AppDelegate.m in Sources */,
				7BBDEC171E077C4F00CED264 /* LGObject.m in Sources */,
				7BBDEC321E077C9A00CED264 /* LGMacro.m in Sources */,
				7BBDEC161E077C4F00CED264 /* BaseModel.m in Sources */,
				7B4CF6FC1E02B7B900517AA0 /* xibViewController2.m in Sources */,
				7BBDEC251E077C4F00CED264 /* LGScollViewViewModel.m in Sources */,
				7BBDEC1F1E077C4F00CED264 /* LGRowTableViewController.m in Sources */,
				7BBDEC211E077C4F00CED264 /* LGTableViewController.m in Sources */,
				7BBBB0751E00E32E00E983FB /* main.m in Sources */,
				7BBDEC1D1E077C4F00CED264 /* LGCollectionViewController.m in Sources */,
				7BBDEC1C1E077C4F00CED264 /* LGTableViewCell.m in Sources */,
				7BBDEC271E077C4F00CED264 /* LGViewModel.m in Sources */,
				7BBDEC191E077C4F00CED264 /* LGCollectionViewCell.m in Sources */,
				7BBDEC221E077C4F00CED264 /* LGViewController.m in Sources */,
				A0035CF5D2F25A7F3960E282 /* LGTableView.m in Sources */,
				7BBDEC181E077C4F00CED264 /* LGCollectionView.m in Sources */,
				A0035E5C5E8E73E1D2E54BB7 /* LGTableViewCell.m in Sources */,
				7BBDEC1A1E077C4F00CED264 /* LGRowTableViewCell.m in Sources */,
				A003550A77A9479F2E87A761 /* LGCollectionView.m in Sources */,
				A00350D88C1567AB011DBD89 /* LGRowTableViewCell.m in Sources */,
				7BBDEC231E077C4F00CED264 /* LGCollectionViewViewModel.m in Sources */,
				7BBDEC281E077C4F00CED264 /* UIScrollView+ViewModel.m in Sources */,
				7BBDEC201E077C4F00CED264 /* LGScrollViewViewController.m in Sources */,
				7BBDEC1B1E077C4F00CED264 /* LGTableView.m in Sources */,
				A0035499DD9703F695B8685D /* LGCollectionViewCell.m in Sources */,
			);
			runOnlyForDeploymentPostprocessing = 0;
		};
/* End PBXSourcesBuildPhase section */

/* Begin PBXVariantGroup section */
		7BBBB07C1E00E32E00E983FB /* Main.storyboard */ = {
			isa = PBXVariantGroup;
			children = (
				7BBBB07D1E00E32E00E983FB /* Base */,
			);
			name = Main.storyboard;
			sourceTree = "<group>";
		};
		7BBBB0811E00E32E00E983FB /* LaunchScreen.storyboard */ = {
			isa = PBXVariantGroup;
			children = (
				7BBBB0821E00E32E00E983FB /* Base */,
			);
			name = LaunchScreen.storyboard;
			sourceTree = "<group>";
		};
/* End PBXVariantGroup section */

/* Begin XCBuildConfiguration section */
		7BBBB0851E00E32E00E983FB /* Debug */ = {
			isa = XCBuildConfiguration;
			buildSettings = {
				ALWAYS_SEARCH_USER_PATHS = NO;
				CLANG_ANALYZER_NONNULL = YES;
				CLANG_CXX_LANGUAGE_STANDARD = "gnu++0x";
				CLANG_CXX_LIBRARY = "libc++";
				CLANG_ENABLE_MODULES = YES;
				CLANG_ENABLE_OBJC_ARC = YES;
				CLANG_WARN_BOOL_CONVERSION = YES;
				CLANG_WARN_CONSTANT_CONVERSION = YES;
				CLANG_WARN_DIRECT_OBJC_ISA_USAGE = YES_ERROR;
				CLANG_WARN_DOCUMENTATION_COMMENTS = YES;
				CLANG_WARN_EMPTY_BODY = YES;
				CLANG_WARN_ENUM_CONVERSION = YES;
				CLANG_WARN_INFINITE_RECURSION = YES;
				CLANG_WARN_INT_CONVERSION = YES;
				CLANG_WARN_OBJC_ROOT_CLASS = YES_ERROR;
				CLANG_WARN_SUSPICIOUS_MOVES = YES;
				CLANG_WARN_UNREACHABLE_CODE = YES;
				CLANG_WARN__DUPLICATE_METHOD_MATCH = YES;
				"CODE_SIGN_IDENTITY[sdk=iphoneos*]" = "iPhone Developer";
				COPY_PHASE_STRIP = NO;
				DEBUG_INFORMATION_FORMAT = dwarf;
				ENABLE_STRICT_OBJC_MSGSEND = YES;
				ENABLE_TESTABILITY = YES;
				GCC_C_LANGUAGE_STANDARD = gnu99;
				GCC_DYNAMIC_NO_PIC = NO;
				GCC_NO_COMMON_BLOCKS = YES;
				GCC_OPTIMIZATION_LEVEL = 0;
				GCC_PREPROCESSOR_DEFINITIONS = (
					"DEBUG=1",
					"$(inherited)",
				);
				GCC_WARN_64_TO_32_BIT_CONVERSION = YES;
				GCC_WARN_ABOUT_RETURN_TYPE = YES_ERROR;
				GCC_WARN_UNDECLARED_SELECTOR = YES;
				GCC_WARN_UNINITIALIZED_AUTOS = YES_AGGRESSIVE;
				GCC_WARN_UNUSED_FUNCTION = YES;
				GCC_WARN_UNUSED_VARIABLE = YES;
				IPHONEOS_DEPLOYMENT_TARGET = 10.1;
				MTL_ENABLE_DEBUG_INFO = YES;
				ONLY_ACTIVE_ARCH = YES;
				SDKROOT = iphoneos;
			};
			name = Debug;
		};
		7BBBB0861E00E32E00E983FB /* Release */ = {
			isa = XCBuildConfiguration;
			buildSettings = {
				ALWAYS_SEARCH_USER_PATHS = NO;
				CLANG_ANALYZER_NONNULL = YES;
				CLANG_CXX_LANGUAGE_STANDARD = "gnu++0x";
				CLANG_CXX_LIBRARY = "libc++";
				CLANG_ENABLE_MODULES = YES;
				CLANG_ENABLE_OBJC_ARC = YES;
				CLANG_WARN_BOOL_CONVERSION = YES;
				CLANG_WARN_CONSTANT_CONVERSION = YES;
				CLANG_WARN_DIRECT_OBJC_ISA_USAGE = YES_ERROR;
				CLANG_WARN_DOCUMENTATION_COMMENTS = YES;
				CLANG_WARN_EMPTY_BODY = YES;
				CLANG_WARN_ENUM_CONVERSION = YES;
				CLANG_WARN_INFINITE_RECURSION = YES;
				CLANG_WARN_INT_CONVERSION = YES;
				CLANG_WARN_OBJC_ROOT_CLASS = YES_ERROR;
				CLANG_WARN_SUSPICIOUS_MOVES = YES;
				CLANG_WARN_UNREACHABLE_CODE = YES;
				CLANG_WARN__DUPLICATE_METHOD_MATCH = YES;
				"CODE_SIGN_IDENTITY[sdk=iphoneos*]" = "iPhone Developer";
				COPY_PHASE_STRIP = NO;
				DEBUG_INFORMATION_FORMAT = "dwarf-with-dsym";
				ENABLE_NS_ASSERTIONS = NO;
				ENABLE_STRICT_OBJC_MSGSEND = YES;
				GCC_C_LANGUAGE_STANDARD = gnu99;
				GCC_NO_COMMON_BLOCKS = YES;
				GCC_WARN_64_TO_32_BIT_CONVERSION = YES;
				GCC_WARN_ABOUT_RETURN_TYPE = YES_ERROR;
				GCC_WARN_UNDECLARED_SELECTOR = YES;
				GCC_WARN_UNINITIALIZED_AUTOS = YES_AGGRESSIVE;
				GCC_WARN_UNUSED_FUNCTION = YES;
				GCC_WARN_UNUSED_VARIABLE = YES;
				IPHONEOS_DEPLOYMENT_TARGET = 10.1;
				MTL_ENABLE_DEBUG_INFO = NO;
				SDKROOT = iphoneos;
				VALIDATE_PRODUCT = YES;
			};
			name = Release;
		};
		7BBBB0881E00E32E00E983FB /* Debug */ = {
			isa = XCBuildConfiguration;
			buildSettings = {
				ASSETCATALOG_COMPILER_APPICON_NAME = AppIcon;
				INFOPLIST_FILE = LearnNavigate/Info.plist;
				LD_RUNPATH_SEARCH_PATHS = "$(inherited) @executable_path/Frameworks";
				PRODUCT_BUNDLE_IDENTIFIER = com.mansory.LearnNavigate;
				PRODUCT_NAME = "$(TARGET_NAME)";
			};
			name = Debug;
		};
		7BBBB0891E00E32E00E983FB /* Release */ = {
			isa = XCBuildConfiguration;
			buildSettings = {
				ASSETCATALOG_COMPILER_APPICON_NAME = AppIcon;
				INFOPLIST_FILE = LearnNavigate/Info.plist;
				LD_RUNPATH_SEARCH_PATHS = "$(inherited) @executable_path/Frameworks";
				PRODUCT_BUNDLE_IDENTIFIER = com.mansory.LearnNavigate;
				PRODUCT_NAME = "$(TARGET_NAME)";
			};
			name = Release;
		};
/* End XCBuildConfiguration section */

/* Begin XCConfigurationList section */
		7BBBB06B1E00E32E00E983FB /* Build configuration list for PBXProject "LearnNavigate" */ = {
			isa = XCConfigurationList;
			buildConfigurations = (
				7BBBB0851E00E32E00E983FB /* Debug */,
				7BBBB0861E00E32E00E983FB /* Release */,
			);
			defaultConfigurationIsVisible = 0;
			defaultConfigurationName = Release;
		};
		7BBBB0871E00E32E00E983FB /* Build configuration list for PBXNativeTarget "LearnNavigate" */ = {
			isa = XCConfigurationList;
			buildConfigurations = (
				7BBBB0881E00E32E00E983FB /* Debug */,
				7BBBB0891E00E32E00E983FB /* Release */,
			);
			defaultConfigurationIsVisible = 0;
			defaultConfigurationName = Release;
		};
/* End XCConfigurationList section */
	};
	rootObject = 7BBBB0681E00E32E00E983FB /* Project object */;
}
